# This file is automatically @generated by Cargo.
# It is not intended for manual editing.
version = 4

[[package]]
name = "korean-capsd"
version = "0.1.4"
dependencies = [
 "korean-state",
]

[[package]]
name = "korean-cli"
version = "0.1.4"
dependencies = [
 "korean-core",
]

[[package]]
name = "korean-core"
version = "0.1.4"

[[package]]
name = "korean-ibus"
version = "0.1.4"
dependencies = [
 "korean-core",
 "korean-state",
]

[[package]]
name = "korean-state"
version = "0.1.4"
